lockfileVersion: 5.3

importers:

  .:
    specifiers:
      esbuild: ^0.14.39
      minimist: ^1.2.6
      typescript: ^4.6.4
      vue: ^3.2.33
    dependencies:
      esbuild: 0.14.39
      minimist: 1.2.6
      typescript: 4.6.4
      vue: 3.2.33

packages:

  /@babel/parser/7.17.12:
    resolution: {integrity: sha1-NsLtBpRONpG6gnNfxM9i0S1JGiM=}
    engines: {node: '>=6.0.0'}
    hasBin: true
    dev: false

  /@vue/compiler-core/3.2.33:
    resolution: {integrity: sha1-6RXVnM6FiY9cXP6+TAnlOSeMPVk=}
    dependencies:
      '@babel/parser': 7.17.12
      '@vue/shared': 3.2.33
      estree-walker: 2.0.2
      source-map: 0.6.1
    dev: false

  /@vue/compiler-dom/3.2.33:
    resolution: {integrity: sha1-bbhClvlJ8Y5dPn/V6A+UPb7X1ew=}
    dependencies:
      '@vue/compiler-core': 3.2.33
      '@vue/shared': 3.2.33
    dev: false

  /@vue/compiler-sfc/3.2.33:
    resolution: {integrity: sha1-fOAdyUeot2wJmBHcbKWElNTcdz0=}
    dependencies:
      '@babel/parser': 7.17.12
      '@vue/compiler-core': 3.2.33
      '@vue/compiler-dom': 3.2.33
      '@vue/compiler-ssr': 3.2.33
      '@vue/reactivity-transform': 3.2.33
      '@vue/shared': 3.2.33
      estree-walker: 2.0.2
      magic-string: 0.25.9
      postcss: 8.4.13
      source-map: 0.6.1
    dev: false

  /@vue/compiler-ssr/3.2.33:
    resolution: {integrity: sha1-PoICZ+TupI/elRnwBt7co/XkLnE=}
    dependencies:
      '@vue/compiler-dom': 3.2.33
      '@vue/shared': 3.2.33
    dev: false

  /@vue/reactivity-transform/3.2.33:
    resolution: {integrity: sha1-KGBj9EylYVCum1L4NGom5ZE/ppk=}
    dependencies:
      '@babel/parser': 7.17.12
      '@vue/compiler-core': 3.2.33
      '@vue/shared': 3.2.33
      estree-walker: 2.0.2
      magic-string: 0.25.9
    dev: false

  /@vue/reactivity/3.2.33:
    resolution: {integrity: sha1-yE7ttSJRONv8JHKGTBUdPvu0tnM=}
    dependencies:
      '@vue/shared': 3.2.33
    dev: false

  /@vue/runtime-core/3.2.33:
    resolution: {integrity: sha1-LfiQfIXDfDQZ+9G98aLfCX+kDfI=}
    dependencies:
      '@vue/reactivity': 3.2.33
      '@vue/shared': 3.2.33
    dev: false

  /@vue/runtime-dom/3.2.33:
    resolution: {integrity: sha1-EjuJaSRwKeoNnBmDZ21HBqli2Eg=}
    dependencies:
      '@vue/runtime-core': 3.2.33
      '@vue/shared': 3.2.33
      csstype: 2.6.20
    dev: false

  /@vue/server-renderer/3.2.33_vue@3.2.33:
    resolution: {integrity: sha1-S0XW0q4Q6k49LPjmdoBM9g8zGXk=}
    peerDependencies:
      vue: 3.2.33
    dependencies:
      '@vue/compiler-ssr': 3.2.33
      '@vue/shared': 3.2.33
      vue: 3.2.33
    dev: false

  /@vue/shared/3.2.33:
    resolution: {integrity: sha1-aajJnOs3wbAx1cxK7C/x3HfhFh4=}
    dev: false

  /csstype/2.6.20:
    resolution: {integrity: sha1-kinGXqCyYM9NPZl8sGKI42qNbdo=}
    dev: false

  /esbuild-android-64/0.14.39:
    resolution: {integrity: sha1-CfEqNy7tl0P9d/9tiJrBT3s0DCE=}
    engines: {node: '>=12'}
    cpu: [x64]
    os: [android]
    requiresBuild: true
    dev: false
    optional: true

  /esbuild-android-arm64/0.14.39:
    resolution: {integrity: sha1-9gjQDqA/4m87GrkqMPmSIDkPMHE=}
    engines: {node: '>=12'}
    cpu: [arm64]
    os: [android]
    requiresBuild: true
    dev: false
    optional: true

  /esbuild-darwin-64/0.14.39:
    resolution: {integrity: sha1-MVKNqnW0yTF3Ie3jRBlRY/rj4EE=}
    engines: {node: '>=12'}
    cpu: [x64]
    os: [darwin]
    requiresBuild: true
    dev: false
    optional: true

  /esbuild-darwin-arm64/0.14.39:
    resolution: {integrity: sha1-JH93DYbZCiFfoZTyT5DjCgvZckU=}
    engines: {node: '>=12'}
    cpu: [arm64]
    os: [darwin]
    requiresBuild: true
    dev: false
    optional: true

  /esbuild-freebsd-64/0.14.39:
    resolution: {integrity: sha1-R5QU0pSQUFXrOW6+RV7UIhMoTuA=}
    engines: {node: '>=12'}
    cpu: [x64]
    os: [freebsd]
    requiresBuild: true
    dev: false
    optional: true

  /esbuild-freebsd-arm64/0.14.39:
    resolution: {integrity: sha1-zt6xA1fIhTNhWSGudnpn3IcKR0w=}
    engines: {node: '>=12'}
    cpu: [arm64]
    os: [freebsd]
    requiresBuild: true
    dev: false
    optional: true

  /esbuild-linux-32/0.14.39:
    resolution: {integrity: sha1-2fAIxDItdx85WPWcHu5aBc35JIU=}
    engines: {node: '>=12'}
    cpu: [ia32]
    os: [linux]
    requiresBuild: true
    dev: false
    optional: true

  /esbuild-linux-64/0.14.39:
    resolution: {integrity: sha1-uljX9mhYkTrrGrXGveG72CRzF5U=}
    engines: {node: '>=12'}
    cpu: [x64]
    os: [linux]
    requiresBuild: true
    dev: false
    optional: true

  /esbuild-linux-arm/0.14.39:
    resolution: {integrity: sha1-Totd6qerYNDSj6sTEkTvgrQGhPQ=}
    engines: {node: '>=12'}
    cpu: [arm]
    os: [linux]
    requiresBuild: true
    dev: false
    optional: true

  /esbuild-linux-arm64/0.14.39:
    resolution: {integrity: sha1-cIeFowBycCtbHBa2XPnCXFEgJSk=}
    engines: {node: '>=12'}
    cpu: [arm64]
    os: [linux]
    requiresBuild: true
    dev: false
    optional: true

  /esbuild-linux-mips64le/0.14.39:
    resolution: {integrity: sha1-bzvzAj9xEITloegZBIfSAg858Pc=}
    engines: {node: '>=12'}
    cpu: [mips64el]
    os: [linux]
    requiresBuild: true
    dev: false
    optional: true

  /esbuild-linux-ppc64le/0.14.39:
    resolution: {integrity: sha1-kA5xik6j9q7d6EJIKO7v3UtI1Lk=}
    engines: {node: '>=12'}
    cpu: [ppc64]
    os: [linux]
    requiresBuild: true
    dev: false
    optional: true

  /esbuild-linux-riscv64/0.14.39:
    resolution: {integrity: sha1-3L/2Ivo3BHp10v96HY0pSdgCd+Q=}
    engines: {node: '>=12'}
    cpu: [riscv64]
    os: [linux]
    requiresBuild: true
    dev: false
    optional: true

  /esbuild-linux-s390x/0.14.39:
    resolution: {integrity: sha1-P3JaeUW0GUBsmdk3RLKFUlYdzf0=}
    engines: {node: '>=12'}
    cpu: [s390x]
    os: [linux]
    requiresBuild: true
    dev: false
    optional: true

  /esbuild-netbsd-64/0.14.39:
    resolution: {integrity: sha1-4Q5AtqdleYuQ1OuFkBzIXIt/+F4=}
    engines: {node: '>=12'}
    cpu: [x64]
    os: [netbsd]
    requiresBuild: true
    dev: false
    optional: true

  /esbuild-openbsd-64/0.14.39:
    resolution: {integrity: sha1-k17BQ/dc4QvZzbHIf+4AKH6w7bw=}
    engines: {node: '>=12'}
    cpu: [x64]
    os: [openbsd]
    requiresBuild: true
    dev: false
    optional: true

  /esbuild-sunos-64/0.14.39:
    resolution: {integrity: sha1-DnqoKwIqLm1VsGRnOLJYLC1yw8A=}
    engines: {node: '>=12'}
    cpu: [x64]
    os: [sunos]
    requiresBuild: true
    dev: false
    optional: true

  /esbuild-windows-32/0.14.39:
    resolution: {integrity: sha1-PxU4JB8xtThUX0tYQbJIysJg+jU=}
    engines: {node: '>=12'}
    cpu: [ia32]
    os: [win32]
    requiresBuild: true
    dev: false
    optional: true

  /esbuild-windows-64/0.14.39:
    resolution: {integrity: sha1-sQDFn5bTwtoueW5C/uSQDXVdPgM=}
    engines: {node: '>=12'}
    cpu: [x64]
    os: [win32]
    requiresBuild: true
    dev: false
    optional: true

  /esbuild-windows-arm64/0.14.39:
    resolution: {integrity: sha1-ACaFF+ZlszyJd41h8UTkJWs59jE=}
    engines: {node: '>=12'}
    cpu: [arm64]
    os: [win32]
    requiresBuild: true
    dev: false
    optional: true

  /esbuild/0.14.39:
    resolution: {integrity: sha1-ySayJZ/m9tOpT1KPtC4QPFptkJo=}
    engines: {node: '>=12'}
    hasBin: true
    requiresBuild: true
    optionalDependencies:
      esbuild-android-64: 0.14.39
      esbuild-android-arm64: 0.14.39
      esbuild-darwin-64: 0.14.39
      esbuild-darwin-arm64: 0.14.39
      esbuild-freebsd-64: 0.14.39
      esbuild-freebsd-arm64: 0.14.39
      esbuild-linux-32: 0.14.39
      esbuild-linux-64: 0.14.39
      esbuild-linux-arm: 0.14.39
      esbuild-linux-arm64: 0.14.39
      esbuild-linux-mips64le: 0.14.39
      esbuild-linux-ppc64le: 0.14.39
      esbuild-linux-riscv64: 0.14.39
      esbuild-linux-s390x: 0.14.39
      esbuild-netbsd-64: 0.14.39
      esbuild-openbsd-64: 0.14.39
      esbuild-sunos-64: 0.14.39
      esbuild-windows-32: 0.14.39
      esbuild-windows-64: 0.14.39
      esbuild-windows-arm64: 0.14.39
    dev: false

  /estree-walker/2.0.2:
    resolution: {integrity: sha1-UvAQF4wqTBF6d1fP6UKtt9LaTKw=}
    dev: false

  /magic-string/0.25.9:
    resolution: {integrity: sha1-3n+fr5HvihyR0CwuUxTIJ3283Rw=}
    dependencies:
      sourcemap-codec: 1.4.8
    dev: false

  /minimist/1.2.6:
    resolution: {integrity: sha1-hjelt1nqDW6YcCz7OpKDMjyTr0Q=}
    dev: false

  /nanoid/3.3.4:
    resolution: {integrity: sha1-cwtn480J4t6s8DwCfIHJ2dvF6Ks=}
    engines: {node: ^10 || ^12 || ^13.7 || ^14 || >=15.0.1}
    hasBin: true
    dev: false

  /picocolors/1.0.0:
    resolution: {integrity: sha1-y1vcdP8/UYkiNur3nWi8RFZKuBw=}
    dev: false

  /postcss/8.4.13:
    resolution: {integrity: sha1-fIe8Jo559/hlJCNYId/fn3Pl1XU=}
    engines: {node: ^10 || ^12 || >=14}
    dependencies:
      nanoid: 3.3.4
      picocolors: 1.0.0
      source-map-js: 1.0.2
    dev: false

  /source-map-js/1.0.2:
    resolution: {integrity: sha1-rbw2HZxi3zgBJefxYfccgm8eSQw=}
    engines: {node: '>=0.10.0'}
    dev: false

  /source-map/0.6.1:
    resolution: {integrity: sha1-dHIq8y6WFOnCh6jQu95IteLxomM=}
    engines: {node: '>=0.10.0'}
    dev: false

  /sourcemap-codec/1.4.8:
    resolution: {integrity: sha1-6oBL2UhXQC5pktBaOO8a41qatMQ=}
    dev: false

  /typescript/4.6.4:
    resolution: {integrity: sha1-yqeLvDpZ5qXFENNXA/agmHfORek=}
    engines: {node: '>=4.2.0'}
    hasBin: true
    dev: false

  /vue/3.2.33:
    resolution: {integrity: sha1-eGfrFqMpOijE0ZCoN7xEeHi9ZMI=}
    dependencies:
      '@vue/compiler-dom': 3.2.33
      '@vue/compiler-sfc': 3.2.33
      '@vue/runtime-dom': 3.2.33
      '@vue/server-renderer': 3.2.33_vue@3.2.33
      '@vue/shared': 3.2.33
    dev: false
